// !$*UTF8*$!
{
	archiveVersion = 1;
	classes = {
	};
	objectVersion = 46;
	objects = {

/* Begin PBXBuildFile section */
		F1AEDE841DEC3C5A00A5FC6B /* AppDelegate.swift in Sources */ = {isa = PBXBuildFile; fileRef = F1AEDE831DEC3C5A00A5FC6B /* AppDelegate.swift */; };
		F1AEDE861DEC3C5A00A5FC6B /* ViewController.swift in Sources */ = {isa = PBXBuildFile; fileRef = F1AEDE851DEC3C5A00A5FC6B /* ViewController.swift */; };
		F1AEDE891DEC3C5A00A5FC6B /* Main.storyboard in Resources */ = {isa = PBXBuildFile; fileRef = F1AEDE871DEC3C5A00A5FC6B /* Main.storyboard */; };
		F1AEDE8B1DEC3C5A00A5FC6B /* Assets.xcassets in Resources */ = {isa = PBXBuildFile; fileRef = F1AEDE8A1DEC3C5A00A5FC6B /* Assets.xcassets */; };
		F1AEDE8E1DEC3C5A00A5FC6B /* LaunchScreen.storyboard in Resources */ = {isa = PBXBuildFile; fileRef = F1AEDE8C1DEC3C5A00A5FC6B /* LaunchScreen.storyboard */; };
/* End PBXBuildFile section */

/* Begin PBXFileReference section */
		F1AEDE801DEC3C5A00A5FC6B /* RehabProject.app */ = {isa = PBXFileReference; explicitFileType = wrapper.application; includeInIndex = 0; path = RehabProject.app; sourceTree = BUILT_PRODUCTS_DIR; };
		F1AEDE831DEC3C5A00A5FC6B /* AppDelegate.swift */ = {isa = PBXFileReference; lastKnownFileType = sourcecode.swift; path = AppDelegate.swift; sourceTree = "<group>"; };
		F1AEDE851DEC3C5A00A5FC6B /* ViewController.swift */ = {isa = PBXFileReference; lastKnownFileType = sourcecode.swift; path = ViewController.swift; sourceTree = "<group>"; };
		F1AEDE881DEC3C5A00A5FC6B /* Base */ = {isa = PBXFileReference; lastKnownFileType = file.storyboard; name = Base; path = Base.lproj/Main.storyboard; sourceTree = "<group>"; };
		F1AEDE8A1DEC3C5A00A5FC6B /* Assets.xcassets */ = {isa = PBXFileReference; lastKnownFileType = folder.assetcatalog; path = Assets.xcassets; sourceTree = "<group>"; };
		F1AEDE8D1DEC3C5A00A5FC6B /* Base */ = {isa = PBXFileReference; lastKnownFileType = file.storyboard; name = Base; path = Base.lproj/LaunchScreen.storyboard; sourceTree = "<group>"; };
		F1AEDE8F1DEC3C5A00A5FC6B /* Info.plist */ = {isa = PBXFileReference; lastKnownFileType = text.plist.xml; path = Info.plist; sourceTree = "<group>"; };
/* End PBXFileReference section */

/* Begin PBXFrameworksBuildPhase section */
		F1AEDE7D1DEC3C5900A5FC6B /* Frameworks */ = {
			isa = PBXFrameworksBuildPhase;
			buildActionMask = 2147483647;
			files = (
			);
			runOnlyForDeploymentPostprocessing = 0;
		};
/* End PBXFrameworksBuildPhase section */

/* Begin PBXGroup section */
		F1AEDE771DEC3C5900A5FC6B = {
			isa = PBXGroup;
			children = (
				F1AEDE821DEC3C5A00A5FC6B /* RehabProject */,
				F1AEDE811DEC3C5A00A5FC6B /* Products */,
			);
			sourceTree = "<group>";
		};
		F1AEDE811DEC3C5A00A5FC6B /* Products */ = {
			isa = PBXGroup;
			children = (
				F1AEDE801DEC3C5A00A5FC6B /* RehabProject.app */,
			);
			name = Products;
			sourceTree = "<group>";
		};
		F1AEDE821DEC3C5A00A5FC6B /* RehabProject */ = {
			isa = PBXGroup;
			children = (
				F1AEDE831DEC3C5A00A5FC6B /* AppDelegate.swift */,
				F1AEDE851DEC3C5A00A5FC6B /* ViewController.swift */,
				F1AEDE871DEC3C5A00A5FC6B /* Main.storyboard */,
				F1AEDE8A1DEC3C5A00A5FC6B /* Assets.xcassets */,
				F1AEDE8C1DEC3C5A00A5FC6B /* LaunchScreen.storyboard */,
				F1AEDE8F1DEC3C5A00A5FC6B /* Info.plist */,
			);
			path = RehabProject;
			sourceTree = "<group>";
		};
/* End PBXGroup section */

/* Begin PBXNativeTarget section */
		F1AEDE7F1DEC3C5900A5FC6B /* RehabProject */ = {
			isa = PBXNativeTarget;
			buildConfigurationList = F1AEDE921DEC3C5A00A5FC6B /* Build configuration list for PBXNativeTarget "RehabProject" */;
			buildPhases = (
				F1AEDE7C1DEC3C5900A5FC6B /* Sources */,
				F1AEDE7D1DEC3C5900A5FC6B /* Frameworks */,
				F1AEDE7E1DEC3C5900A5FC6B /* Resources */,
			);
			buildRules = (
			);
			dependencies = (
			);
			name = RehabProject;
			productName = RehabProject;
			productReference = F1AEDE801DEC3C5A00A5FC6B /* RehabProject.app */;
			productType = "com.apple.product-type.application";
		};
/* End PBXNativeTarget section */

/* Begin PBXProject section */
		F1AEDE781DEC3C5900A5FC6B /* Project object */ = {
			isa = PBXProject;
			attributes = {
				LastSwiftUpdateCheck = 0800;
				LastUpgradeCheck = 0800;
				ORGANIZATIONNAME = "Elin Sakurai";
				TargetAttributes = {
					F1AEDE7F1DEC3C5900A5FC6B = {
						CreatedOnToolsVersion = 8.0;
						ProvisioningStyle = Automatic;
					};
				};
			};
			buildConfigurationList = F1AEDE7B1DEC3C5900A5FC6B /* Build configuration list for PBXProject "RehabProject" */;
			compatibilityVersion = "Xcode 3.2";
			developmentRegion = English;
			hasScannedForEncodings = 0;
			knownRegions = (
				en,
				Base,
			);
			mainGroup = F1AEDE771DEC3C5900A5FC6B;
			productRefGroup = F1AEDE811DEC3C5A00A5FC6B /* Products */;
			projectDirPath = "";
			projectRoot = "";
			targets = (
				F1AEDE7F1DEC3C5900A5FC6B /* RehabProject */,
			);
		};
/* End PBXProject section */

/* Begin PBXResourcesBuildPhase section */
		F1AEDE7E1DEC3C5900A5FC6B /* Resources */ = {
			isa = PBXResourcesBuildPhase;
			buildActionMask = 2147483647;
			files = (
				F1AEDE8E1DEC3C5A00A5FC6B /* LaunchScreen.storyboard in Resources */,
				F1AEDE8B1DEC3C5A00A5FC6B /* Assets.xcassets in Resources */,
				F1AEDE891DEC3C5A00A5FC6B /* Main.storyboard in Resources */,
			);
			runOnlyForDeploymentPostprocessing = 0;
		};
/* End PBXResourcesBuildPhase section */

/* Begin PBXSourcesBuildPhase section */
		F1AEDE7C1DEC3C5900A5FC6B /* Sources */ = {
			isa = PBXSourcesBuildPhase;
			buildActionMask = 2147483647;
			files = (
				F1AEDE861DEC3C5A00A5FC6B /* ViewController.swift in Sources */,
				F1AEDE841DEC3C5A00A5FC6B /* AppDelegate.swift in Sources */,
			);
			runOnlyForDeploymentPostprocessing = 0;
		};
/* End PBXSourcesBuildPhase section */

/* Begin PBXVariantGroup section */
		F1AEDE871DEC3C5A00A5FC6B /* Main.storyboard */ = {
			isa = PBXVariantGroup;
			children = (
				F1AEDE881DEC3C5A00A5FC6B /* Base */,
			);
			name = Main.storyboard;
			sourceTree = "<group>";
		};
		F1AEDE8C1DEC3C5A00A5FC6B /* LaunchScreen.storyboard */ = {
			isa = PBXVariantGroup;
			children = (
				F1AEDE8D1DEC3C5A00A5FC6B /* Base */,
			);
			name = LaunchScreen.storyboard;
			sourceTree = "<group>";
		};
/* End PBXVariantGroup section */

/* Begin XCBuildConfiguration section */
		F1AEDE901DEC3C5A00A5FC6B /* Debug */ = {
			isa = XCBuildConfiguration;
			buildSettings = {
				ALWAYS_SEARCH_USER_PATHS = NO;
				CLANG_ANALYZER_NONNULL = YES;
				CLANG_CXX_LANGUAGE_STANDARD = "gnu++0x";
				CLANG_CXX_LIBRARY = "libc++";
				CLANG_ENABLE_MODULES = YES;
				CLANG_ENABLE_OBJC_ARC = YES;
				CLANG_WARN_BOOL_CONVERSION = YES;
				CLANG_WARN_CONSTANT_CONVERSION = YES;
				CLANG_WARN_DIRECT_OBJC_ISA_USAGE = YES_ERROR;
				CLANG_WARN_DOCUMENTATION_COMMENTS = YES;
				CLANG_WARN_EMPTY_BODY = YES;
				CLANG_WARN_ENUM_CONVERSION = YES;
				CLANG_WARN_INFINITE_RECURSION = YES;
				CLANG_WARN_INT_CONVERSION = YES;
				CLANG_WARN_OBJC_ROOT_CLASS = YES_ERROR;
				CLANG_WARN_SUSPICIOUS_MOVES = YES;
				CLANG_WARN_UNREACHABLE_CODE = YES;
				CLANG_WARN__DUPLICATE_METHOD_MATCH = YES;
				"CODE_SIGN_IDENTITY[sdk=iphoneos*]" = "iPhone Developer";
				COPY_PHASE_STRIP = NO;
				DEBUG_INFORMATION_FORMAT = dwarf;
				ENABLE_STRICT_OBJC_MSGSEND = YES;
				ENABLE_TESTABILITY = YES;
				GCC_C_LANGUAGE_STANDARD = gnu99;
				GCC_DYNAMIC_NO_PIC = NO;
				GCC_NO_COMMON_BLOCKS = YES;
				GCC_OPTIMIZATION_LEVEL = 0;
				GCC_PREPROCESSOR_DEFINITIONS = (
					"DEBUG=1",
					"$(inherited)",
				);
				GCC_WARN_64_TO_32_BIT_CONVERSION = YES;
				GCC_WARN_ABOUT_RETURN_TYPE = YES_ERROR;
				GCC_WARN_UNDECLARED_SELECTOR = YES;
				GCC_WARN_UNINITIALIZED_AUTOS = YES_AGGRESSIVE;
				GCC_WARN_UNUSED_FUNCTION = YES;
				GCC_WARN_UNUSED_VARIABLE = YES;
				IPHONEOS_DEPLOYMENT_TARGET = 10.0;
				MTL_ENABLE_DEBUG_INFO = YES;
				ONLY_ACTIVE_ARCH = YES;
				SDKROOT = iphoneos;
				SWIFT_ACTIVE_COMPILATION_CONDITIONS = DEBUG;
				SWIFT_OPTIMIZATION_LEVEL = "-Onone";
				TARGETED_DEVICE_FAMILY = "1,2";
			};
			name = Debug;
		};
		F1AEDE911DEC3C5A00A5FC6B /* Release */ = {
			isa = XCBuildConfiguration;
			buildSettings = {
				ALWAYS_SEARCH_USER_PATHS = NO;
				CLANG_ANALYZER_NONNULL = YES;
				CLANG_CXX_LANGUAGE_STANDARD = "gnu++0x";
				CLANG_CXX_LIBRARY = "libc++";
				CLANG_ENABLE_MODULES = YES;
				CLANG_ENABLE_OBJC_ARC = YES;
				CLANG_WARN_BOOL_CONVERSION = YES;
				CLANG_WARN_CONSTANT_CONVERSION = YES;
				CLANG_WARN_DIRECT_OBJC_ISA_USAGE = YES_ERROR;
				CLANG_WARN_DOCUMENTATION_COMMENTS = YES;
				CLANG_WARN_EMPTY_BODY = YES;
				CLANG_WARN_ENUM_CONVERSION = YES;
				CLANG_WARN_INFINITE_RECURSION = YES;
				CLANG_WARN_INT_CONVERSION = YES;
				CLANG_WARN_OBJC_ROOT_CLASS = YES_ERROR;
				CLANG_WARN_SUSPICIOUS_MOVES = YES;
				CLANG_WARN_UNREACHABLE_CODE = YES;
				CLANG_WARN__DUPLICATE_METHOD_MATCH = YES;
				"CODE_SIGN_IDENTITY[sdk=iphoneos*]" = "iPhone Developer";
				COPY_PHASE_STRIP = NO;
				DEBUG_INFORMATION_FORMAT = "dwarf-with-dsym";
				ENABLE_NS_ASSERTIONS = NO;
				ENABLE_STRICT_OBJC_MSGSEND = YES;
				GCC_C_LANGUAGE_STANDARD = gnu99;
				GCC_NO_COMMON_BLOCKS = YES;
				GCC_WARN_64_TO_32_BIT_CONVERSION = YES;
				GCC_WARN_ABOUT_RETURN_TYPE = YES_ERROR;
				GCC_WARN_UNDECLARED_SELECTOR = YES;
				GCC_WARN_UNINITIALIZED_AUTOS = YES_AGGRESSIVE;
				GCC_WARN_UNUSED_FUNCTION = YES;
				GCC_WARN_UNUSED_VARIABLE = YES;
				IPHONEOS_DEPLOYMENT_TARGET = 10.0;
				MTL_ENABLE_DEBUG_INFO = NO;
				SDKROOT = iphoneos;
				SWIFT_OPTIMIZATION_LEVEL = "-Owholemodule";
				TARGETED_DEVICE_FAMILY = "1,2";
				VALIDATE_PRODUCT = YES;
			};
			name = Release;
		};
		F1AEDE931DEC3C5A00A5FC6B /* Debug */ = {
			isa = XCBuildConfiguration;
			buildSettings = {
				ASSETCATALOG_COMPILER_APPICON_NAME = AppIcon;
				INFOPLIST_FILE = RehabProject/Info.plist;
				LD_RUNPATH_SEARCH_PATHS = "$(inherited) @executable_path/Frameworks";
				PRODUCT_BUNDLE_IDENTIFIER = Sakurai.RehabProject;
				PRODUCT_NAME = "$(TARGET_NAME)";
				SWIFT_VERSION = 3.0;
			};
			name = Debug;
		};
		F1AEDE941DEC3C5A00A5FC6B /* Release */ = {
			isa = XCBuildConfiguration;
			buildSettings = {
				ASSETCATALOG_COMPILER_APPICON_NAME = AppIcon;
				INFOPLIST_FILE = RehabProject/Info.plist;
				LD_RUNPATH_SEARCH_PATHS = "$(inherited) @executable_path/Frameworks";
				PRODUCT_BUNDLE_IDENTIFIER = Sakurai.RehabProject;
				PRODUCT_NAME = "$(TARGET_NAME)";
				SWIFT_VERSION = 3.0;
			};
			name = Release;
		};
/* End XCBuildConfiguration section */

/* Begin XCConfigurationList section */
		F1AEDE7B1DEC3C5900A5FC6B /* Build configuration list for PBXProject "RehabProject" */ = {
			isa = XCConfigurationList;
			buildConfigurations = (
				F1AEDE901DEC3C5A00A5FC6B /* Debug */,
				F1AEDE911DEC3C5A00A5FC6B /* Release */,
			);
			defaultConfigurationIsVisible = 0;
			defaultConfigurationName = Release;
		};
		F1AEDE921DEC3C5A00A5FC6B /* Build configuration list for PBXNativeTarget "RehabProject" */ = {
			isa = XCConfigurationList;
			buildConfigurations = (
				F1AEDE931DEC3C5A00A5FC6B /* Debug */,
				F1AEDE941DEC3C5A00A5FC6B /* Release */,
			);
			defaultConfigurationIsVisible = 0;
		};
/* End XCConfigurationList section */
	};
	rootObject = F1AEDE781DEC3C5900A5FC6B /* Project object */;
}
